
Microsoft Visual Studio Solution File, Format Version 12.00
# Visual Studio Version 16
VisualStudioVersion = 16.0.31105.61
MinimumVisualStudioVersion = 10.0.40219.1
Project("{FAE04EC0-301F-11D3-BF4B-00C04F79EFBC}") = "Entidades", "Entidades\Entidades.csproj", "{6637D4D0-9E5D-4952-9836-4CB6C0A5F379}"
EndProject
Project("{FAE04EC0-301F-11D3-BF4B-00C04F79EFBC}") = "MiCalculadora", "MiCalculadora\MiCalculadora.csproj", "{439A86D1-320D-4D3C-AA1A-FE39AC4F9653}"
EndProject
Global
	GlobalSection(SolutionConfigurationPlatforms) = preSolution
		Debug|Any CPU = Debug|Any CPU
		Release|Any CPU = Release|Any CPU
	EndGlobalSection
	GlobalSection(ProjectConfigurationPlatforms) = postSolution
		{6637D4D0-9E5D-4952-9836-4CB6C0A5F379}.Debug|Any CPU.ActiveCfg = Debug|Any CPU
		{6637D4D0-9E5D-4952-9836-4CB6C0A5F379}.Debug|Any CPU.Build.0 = Debug|Any CPU
		{6637D4D0-9E5D-4952-9836-4CB6C0A5F379}.Release|Any CPU.ActiveCfg = Release|Any CPU
		{6637D4D0-9E5D-4952-9836-4CB6C0A5F379}.Release|Any CPU.Build.0 = Release|Any CPU
		{439A86D1-320D-4D3C-AA1A-FE39AC4F9653}.Debug|Any CPU.ActiveCfg = Debug|Any CPU
		{439A86D1-320D-4D3C-AA1A-FE39AC4F9653}.Debug|Any CPU.Build.0 = Debug|Any CPU
		{439A86D1-320D-4D3C-AA1A-FE39AC4F9653}.Release|Any CPU.ActiveCfg = Release|Any CPU
		{439A86D1-320D-4D3C-AA1A-FE39AC4F9653}.Release|Any CPU.Build.0 = Release|Any CPU
	EndGlobalSection
	GlobalSection(SolutionProperties) = preSolution
		HideSolutionNode = FALSE
	EndGlobalSection
	GlobalSection(ExtensibilityGlobals) = postSolution
		SolutionGuid = {B9D4147C-37BC-4949-88BC-9B7B620C8DF2}
	EndGlobalSection
EndGlobal
