
Microsoft Visual Studio Solution File, Format Version 12.00
# Visual Studio Version 16
VisualStudioVersion = 16.0.31402.337
MinimumVisualStudioVersion = 10.0.40219.1
Project("{FAE04EC0-301F-11D3-BF4B-00C04F79EFBC}") = "Entidades", "Entidades\Entidades.csproj", "{96ABE931-B92D-4077-8E25-6BD135543716}"
EndProject
Project("{FAE04EC0-301F-11D3-BF4B-00C04F79EFBC}") = "Consola de prueba", "Consola de prueba\Consola de prueba.csproj", "{3DE30D50-1604-4644-8E4C-8D2EE93F3F10}"
EndProject
Project("{FAE04EC0-301F-11D3-BF4B-00C04F79EFBC}") = "MiForm", "MiForm\MiForm.csproj", "{512C80EB-5907-42D0-8011-74B38AC740BB}"
EndProject
Global
	GlobalSection(SolutionConfigurationPlatforms) = preSolution
		Debug|Any CPU = Debug|Any CPU
		Release|Any CPU = Release|Any CPU
	EndGlobalSection
	GlobalSection(ProjectConfigurationPlatforms) = postSolution
		{96ABE931-B92D-4077-8E25-6BD135543716}.Debug|Any CPU.ActiveCfg = Debug|Any CPU
		{96ABE931-B92D-4077-8E25-6BD135543716}.Debug|Any CPU.Build.0 = Debug|Any CPU
		{96ABE931-B92D-4077-8E25-6BD135543716}.Release|Any CPU.ActiveCfg = Release|Any CPU
		{96ABE931-B92D-4077-8E25-6BD135543716}.Release|Any CPU.Build.0 = Release|Any CPU
		{3DE30D50-1604-4644-8E4C-8D2EE93F3F10}.Debug|Any CPU.ActiveCfg = Debug|Any CPU
		{3DE30D50-1604-4644-8E4C-8D2EE93F3F10}.Debug|Any CPU.Build.0 = Debug|Any CPU
		{3DE30D50-1604-4644-8E4C-8D2EE93F3F10}.Release|Any CPU.ActiveCfg = Release|Any CPU
		{3DE30D50-1604-4644-8E4C-8D2EE93F3F10}.Release|Any CPU.Build.0 = Release|Any CPU
		{512C80EB-5907-42D0-8011-74B38AC740BB}.Debug|Any CPU.ActiveCfg = Debug|Any CPU
		{512C80EB-5907-42D0-8011-74B38AC740BB}.Debug|Any CPU.Build.0 = Debug|Any CPU
		{512C80EB-5907-42D0-8011-74B38AC740BB}.Release|Any CPU.ActiveCfg = Release|Any CPU
		{512C80EB-5907-42D0-8011-74B38AC740BB}.Release|Any CPU.Build.0 = Release|Any CPU
	EndGlobalSection
	GlobalSection(SolutionProperties) = preSolution
		HideSolutionNode = FALSE
	EndGlobalSection
	GlobalSection(ExtensibilityGlobals) = postSolution
		SolutionGuid = {0DAAB4CB-D23F-4C52-8F0F-DBFA17A1639E}
	EndGlobalSection
EndGlobal
